
Microsoft Visual Studio Solution File, Format Version 12.00
# Visual Studio Version 16
VisualStudioVersion = 16.0.30413.136
MinimumVisualStudioVersion = 10.0.40219.1
Project("{FAE04EC0-301F-11D3-BF4B-00C04F79EFBC}") = "MvcDemo", "MvcDemo\MvcDemo.csproj", "{2274E15A-9274-44DF-BD26-A372C692B74B}"
EndProject
Global
	GlobalSection(SolutionConfigurationPlatforms) = preSolution
		Debug|Any CPU = Debug|Any CPU
		Release|Any CPU = Release|Any CPU
	EndGlobalSection
	GlobalSection(ProjectConfigurationPlatforms) = postSolution
		{2274E15A-9274-44DF-BD26-A372C692B74B}.Debug|Any CPU.ActiveCfg = Debug|Any CPU
		{2274E15A-9274-44DF-BD26-A372C692B74B}.Debug|Any CPU.Build.0 = Debug|Any CPU
		{2274E15A-9274-44DF-BD26-A372C692B74B}.Release|Any CPU.ActiveCfg = Release|Any CPU
		{2274E15A-9274-44DF-BD26-A372C692B74B}.Release|Any CPU.Build.0 = Release|Any CPU
	EndGlobalSection
	GlobalSection(SolutionProperties) = preSolution
		HideSolutionNode = FALSE
	EndGlobalSection
	GlobalSection(ExtensibilityGlobals) = postSolution
		SolutionGuid = {3C3462D8-C2F5-495E-83A0-EDD29BD15D62}
	EndGlobalSection
EndGlobal
